
Microsoft Visual Studio Solution File, Format Version 12.00
# Visual Studio Version 16
VisualStudioVersion = 16.0.31702.278
MinimumVisualStudioVersion = 10.0.40219.1
Project("{FAE04EC0-301F-11D3-BF4B-00C04F79EFBC}") = "UC3QueueInsert", "UC3QueueInsert.csproj", "{F3DDA4F0-BB9D-4FEB-BF7D-019B9E31B778}"
EndProject
Global
	GlobalSection(SolutionConfigurationPlatforms) = preSolution
		Debug|Any CPU = Debug|Any CPU
		Release|Any CPU = Release|Any CPU
	EndGlobalSection
	GlobalSection(ProjectConfigurationPlatforms) = postSolution
		{F3DDA4F0-BB9D-4FEB-BF7D-019B9E31B778}.Debug|Any CPU.ActiveCfg = Debug|Any CPU
		{F3DDA4F0-BB9D-4FEB-BF7D-019B9E31B778}.Debug|Any CPU.Build.0 = Debug|Any CPU
		{F3DDA4F0-BB9D-4FEB-BF7D-019B9E31B778}.Release|Any CPU.ActiveCfg = Release|Any CPU
		{F3DDA4F0-BB9D-4FEB-BF7D-019B9E31B778}.Release|Any CPU.Build.0 = Release|Any CPU
	EndGlobalSection
	GlobalSection(SolutionProperties) = preSolution
		HideSolutionNode = FALSE
	EndGlobalSection
	GlobalSection(ExtensibilityGlobals) = postSolution
		SolutionGuid = {C1C7A0B0-3287-4B5A-8479-469453C43577}
	EndGlobalSection
EndGlobal
